// !$*UTF8*$!
{
	archiveVersion = 1;
	classes = {
	};
	objectVersion = 46;
	objects = {

/* Begin PBXBuildFile section */
		E54AE6531E4A597900736617 /* RNZipArchive.m in Sources */ = {isa = PBXBuildFile; fileRef = E54AE6521E4A597900736617 /* RNZipArchive.m */; };
		E54AE6781E4A598D00736617 /* aescrypt.c in Sources */ = {isa = PBXBuildFile; fileRef = E54AE6581E4A598C00736617 /* aescrypt.c */; };
		E54AE6791E4A598D00736617 /* aeskey.c in Sources */ = {isa = PBXBuildFile; fileRef = E54AE6591E4A598C00736617 /* aeskey.c */; };
		E54AE67A1E4A598D00736617 /* aestab.c in Sources */ = {isa = PBXBuildFile; fileRef = E54AE65B1E4A598D00736617 /* aestab.c */; };
		E54AE67B1E4A598D00736617 /* entropy.c in Sources */ = {isa = PBXBuildFile; fileRef = E54AE65F1E4A598D00736617 /* entropy.c */; };
		E54AE67C1E4A598D00736617 /* fileenc.c in Sources */ = {isa = PBXBuildFile; fileRef = E54AE6611E4A598D00736617 /* fileenc.c */; };
		E54AE67D1E4A598D00736617 /* hmac.c in Sources */ = {isa = PBXBuildFile; fileRef = E54AE6631E4A598D00736617 /* hmac.c */; };
		E54AE67E1E4A598D00736617 /* prng.c in Sources */ = {isa = PBXBuildFile; fileRef = E54AE6651E4A598D00736617 /* prng.c */; };
		E54AE67F1E4A598D00736617 /* pwd2key.c in Sources */ = {isa = PBXBuildFile; fileRef = E54AE6671E4A598D00736617 /* pwd2key.c */; };
		E54AE6801E4A598D00736617 /* sha1.c in Sources */ = {isa = PBXBuildFile; fileRef = E54AE6691E4A598D00736617 /* sha1.c */; };
		E54AE6811E4A598D00736617 /* ioapi.c in Sources */ = {isa = PBXBuildFile; fileRef = E54AE66D1E4A598D00736617 /* ioapi.c */; };
		E54AE6821E4A598D00736617 /* mztools.c in Sources */ = {isa = PBXBuildFile; fileRef = E54AE66F1E4A598D00736617 /* mztools.c */; };
		E54AE6831E4A598D00736617 /* unzip.c in Sources */ = {isa = PBXBuildFile; fileRef = E54AE6711E4A598D00736617 /* unzip.c */; };
		E54AE6841E4A598D00736617 /* zip.c in Sources */ = {isa = PBXBuildFile; fileRef = E54AE6731E4A598D00736617 /* zip.c */; };
		E54AE6851E4A598D00736617 /* SSZipArchive.m in Sources */ = {isa = PBXBuildFile; fileRef = E54AE6761E4A598D00736617 /* SSZipArchive.m */; };
/* End PBXBuildFile section */

/* Begin PBXCopyFilesBuildPhase section */
		D058BD721B8DA4AB004D9F18 /* CopyFiles */ = {
			isa = PBXCopyFilesBuildPhase;
			buildActionMask = 2147483647;
			dstPath = "include/$(PRODUCT_NAME)";
			dstSubfolderSpec = 16;
			files = (
			);
			runOnlyForDeploymentPostprocessing = 0;
		};
/* End PBXCopyFilesBuildPhase section */

/* Begin PBXFileReference section */
		D058BD741B8DA4AB004D9F18 /* libRNZipArchive.a */ = {isa = PBXFileReference; explicitFileType = archive.ar; includeInIndex = 0; path = libRNZipArchive.a; sourceTree = BUILT_PRODUCTS_DIR; };
		D058BD851B8DA4AB004D9F18 /* Info.plist */ = {isa = PBXFileReference; lastKnownFileType = text.plist.xml; path = Info.plist; sourceTree = "<group>"; };
		E54AE6511E4A597900736617 /* RNZipArchive.h */ = {isa = PBXFileReference; fileEncoding = 4; lastKnownFileType = sourcecode.c.h; name = RNZipArchive.h; path = RNSSZipArchive/RNZipArchive.h; sourceTree = "<group>"; };
		E54AE6521E4A597900736617 /* RNZipArchive.m */ = {isa = PBXFileReference; fileEncoding = 4; lastKnownFileType = sourcecode.c.objc; name = RNZipArchive.m; path = RNSSZipArchive/RNZipArchive.m; sourceTree = "<group>"; };
		E54AE6561E4A598C00736617 /* aes.h */ = {isa = PBXFileReference; fileEncoding = 4; lastKnownFileType = sourcecode.c.h; path = aes.h; sourceTree = "<group>"; };
		E54AE6571E4A598C00736617 /* aes_via_ace.h */ = {isa = PBXFileReference; fileEncoding = 4; lastKnownFileType = sourcecode.c.h; path = aes_via_ace.h; sourceTree = "<group>"; };
		E54AE6581E4A598C00736617 /* aescrypt.c */ = {isa = PBXFileReference; fileEncoding = 4; lastKnownFileType = sourcecode.c.c; path = aescrypt.c; sourceTree = "<group>"; };
		E54AE6591E4A598C00736617 /* aeskey.c */ = {isa = PBXFileReference; fileEncoding = 4; lastKnownFileType = sourcecode.c.c; path = aeskey.c; sourceTree = "<group>"; };
		E54AE65A1E4A598C00736617 /* aesopt.h */ = {isa = PBXFileReference; fileEncoding = 4; lastKnownFileType = sourcecode.c.h; path = aesopt.h; sourceTree = "<group>"; };
		E54AE65B1E4A598D00736617 /* aestab.c */ = {isa = PBXFileReference; fileEncoding = 4; lastKnownFileType = sourcecode.c.c; path = aestab.c; sourceTree = "<group>"; };
		E54AE65C1E4A598D00736617 /* aestab.h */ = {isa = PBXFileReference; fileEncoding = 4; lastKnownFileType = sourcecode.c.h; path = aestab.h; sourceTree = "<group>"; };
		E54AE65D1E4A598D00736617 /* brg_endian.h */ = {isa = PBXFileReference; fileEncoding = 4; lastKnownFileType = sourcecode.c.h; path = brg_endian.h; sourceTree = "<group>"; };
		E54AE65E1E4A598D00736617 /* brg_types.h */ = {isa = PBXFileReference; fileEncoding = 4; lastKnownFileType = sourcecode.c.h; path = brg_types.h; sourceTree = "<group>"; };
		E54AE65F1E4A598D00736617 /* entropy.c */ = {isa = PBXFileReference; fileEncoding = 4; lastKnownFileType = sourcecode.c.c; path = entropy.c; sourceTree = "<group>"; };
		E54AE6601E4A598D00736617 /* entropy.h */ = {isa = PBXFileReference; fileEncoding = 4; lastKnownFileType = sourcecode.c.h; path = entropy.h; sourceTree = "<group>"; };
		E54AE6611E4A598D00736617 /* fileenc.c */ = {isa = PBXFileReference; fileEncoding = 4; lastKnownFileType = sourcecode.c.c; path = fileenc.c; sourceTree = "<group>"; };
		E54AE6621E4A598D00736617 /* fileenc.h */ = {isa = PBXFileReference; fileEncoding = 4; lastKnownFileType = sourcecode.c.h; path = fileenc.h; sourceTree = "<group>"; };
		E54AE6631E4A598D00736617 /* hmac.c */ = {isa = PBXFileReference; fileEncoding = 4; lastKnownFileType = sourcecode.c.c; path = hmac.c; sourceTree = "<group>"; };
		E54AE6641E4A598D00736617 /* hmac.h */ = {isa = PBXFileReference; fileEncoding = 4; lastKnownFileType = sourcecode.c.h; path = hmac.h; sourceTree = "<group>"; };
		E54AE6651E4A598D00736617 /* prng.c */ = {isa = PBXFileReference; fileEncoding = 4; lastKnownFileType = sourcecode.c.c; path = prng.c; sourceTree = "<group>"; };
		E54AE6661E4A598D00736617 /* prng.h */ = {isa = PBXFileReference; fileEncoding = 4; lastKnownFileType = sourcecode.c.h; path = prng.h; sourceTree = "<group>"; };
		E54AE6671E4A598D00736617 /* pwd2key.c */ = {isa = PBXFileReference; fileEncoding = 4; lastKnownFileType = sourcecode.c.c; path = pwd2key.c; sourceTree = "<group>"; };
		E54AE6681E4A598D00736617 /* pwd2key.h */ = {isa = PBXFileReference; fileEncoding = 4; lastKnownFileType = sourcecode.c.h; path = pwd2key.h; sourceTree = "<group>"; };
		E54AE6691E4A598D00736617 /* sha1.c */ = {isa = PBXFileReference; fileEncoding = 4; lastKnownFileType = sourcecode.c.c; path = sha1.c; sourceTree = "<group>"; };
		E54AE66A1E4A598D00736617 /* sha1.h */ = {isa = PBXFileReference; fileEncoding = 4; lastKnownFileType = sourcecode.c.h; path = sha1.h; sourceTree = "<group>"; };
		E54AE66C1E4A598D00736617 /* crypt.h */ = {isa = PBXFileReference; fileEncoding = 4; lastKnownFileType = sourcecode.c.h; path = crypt.h; sourceTree = "<group>"; };
		E54AE66D1E4A598D00736617 /* ioapi.c */ = {isa = PBXFileReference; fileEncoding = 4; lastKnownFileType = sourcecode.c.c; path = ioapi.c; sourceTree = "<group>"; };
		E54AE66E1E4A598D00736617 /* ioapi.h */ = {isa = PBXFileReference; fileEncoding = 4; lastKnownFileType = sourcecode.c.h; path = ioapi.h; sourceTree = "<group>"; };
		E54AE66F1E4A598D00736617 /* mztools.c */ = {isa = PBXFileReference; fileEncoding = 4; lastKnownFileType = sourcecode.c.c; path = mztools.c; sourceTree = "<group>"; };
		E54AE6701E4A598D00736617 /* mztools.h */ = {isa = PBXFileReference; fileEncoding = 4; lastKnownFileType = sourcecode.c.h; path = mztools.h; sourceTree = "<group>"; };
		E54AE6711E4A598D00736617 /* unzip.c */ = {isa = PBXFileReference; fileEncoding = 4; lastKnownFileType = sourcecode.c.c; path = unzip.c; sourceTree = "<group>"; };
		E54AE6721E4A598D00736617 /* unzip.h */ = {isa = PBXFileReference; fileEncoding = 4; lastKnownFileType = sourcecode.c.h; path = unzip.h; sourceTree = "<group>"; };
		E54AE6731E4A598D00736617 /* zip.c */ = {isa = PBXFileReference; fileEncoding = 4; lastKnownFileType = sourcecode.c.c; path = zip.c; sourceTree = "<group>"; };
		E54AE6741E4A598D00736617 /* zip.h */ = {isa = PBXFileReference; fileEncoding = 4; lastKnownFileType = sourcecode.c.h; path = zip.h; sourceTree = "<group>"; };
		E54AE6751E4A598D00736617 /* SSZipArchive.h */ = {isa = PBXFileReference; fileEncoding = 4; lastKnownFileType = sourcecode.c.h; path = SSZipArchive.h; sourceTree = "<group>"; };
		E54AE6761E4A598D00736617 /* SSZipArchive.m */ = {isa = PBXFileReference; fileEncoding = 4; lastKnownFileType = sourcecode.c.objc; path = SSZipArchive.m; sourceTree = "<group>"; };
		E54AE6771E4A598D00736617 /* SSZipCommon.h */ = {isa = PBXFileReference; fileEncoding = 4; lastKnownFileType = sourcecode.c.h; path = SSZipCommon.h; sourceTree = "<group>"; };
/* End PBXFileReference section */

/* Begin PBXFrameworksBuildPhase section */
		D058BD711B8DA4AB004D9F18 /* Frameworks */ = {
			isa = PBXFrameworksBuildPhase;
			buildActionMask = 2147483647;
			files = (
			);
			runOnlyForDeploymentPostprocessing = 0;
		};
/* End PBXFrameworksBuildPhase section */

/* Begin PBXGroup section */
		D058BD6B1B8DA4AB004D9F18 = {
			isa = PBXGroup;
			children = (
				E54AE6541E4A598C00736617 /* SSZipArchive */,
				E54AE6511E4A597900736617 /* RNZipArchive.h */,
				E54AE6521E4A597900736617 /* RNZipArchive.m */,
				D058BD831B8DA4AB004D9F18 /* RNZipArchiveTests */,
				D058BD751B8DA4AB004D9F18 /* Products */,
			);
			sourceTree = "<group>";
		};
		D058BD751B8DA4AB004D9F18 /* Products */ = {
			isa = PBXGroup;
			children = (
				D058BD741B8DA4AB004D9F18 /* libRNZipArchive.a */,
			);
			name = Products;
			sourceTree = "<group>";
		};
		D058BD831B8DA4AB004D9F18 /* RNZipArchiveTests */ = {
			isa = PBXGroup;
			children = (
				D058BD841B8DA4AB004D9F18 /* Supporting Files */,
			);
			path = RNZipArchiveTests;
			sourceTree = "<group>";
		};
		D058BD841B8DA4AB004D9F18 /* Supporting Files */ = {
			isa = PBXGroup;
			children = (
				D058BD851B8DA4AB004D9F18 /* Info.plist */,
			);
			name = "Supporting Files";
			sourceTree = "<group>";
		};
		E54AE6541E4A598C00736617 /* SSZipArchive */ = {
			isa = PBXGroup;
			children = (
				E54AE6551E4A598C00736617 /* aes */,
				E54AE66B1E4A598D00736617 /* minizip */,
				E54AE6751E4A598D00736617 /* SSZipArchive.h */,
				E54AE6761E4A598D00736617 /* SSZipArchive.m */,
				E54AE6771E4A598D00736617 /* SSZipCommon.h */,
			);
			name = SSZipArchive;
			path = RNSSZipArchive/SSZipArchive;
			sourceTree = "<group>";
		};
		E54AE6551E4A598C00736617 /* aes */ = {
			isa = PBXGroup;
			children = (
				E54AE6561E4A598C00736617 /* aes.h */,
				E54AE6571E4A598C00736617 /* aes_via_ace.h */,
				E54AE6581E4A598C00736617 /* aescrypt.c */,
				E54AE6591E4A598C00736617 /* aeskey.c */,
				E54AE65A1E4A598C00736617 /* aesopt.h */,
				E54AE65B1E4A598D00736617 /* aestab.c */,
				E54AE65C1E4A598D00736617 /* aestab.h */,
				E54AE65D1E4A598D00736617 /* brg_endian.h */,
				E54AE65E1E4A598D00736617 /* brg_types.h */,
				E54AE65F1E4A598D00736617 /* entropy.c */,
				E54AE6601E4A598D00736617 /* entropy.h */,
				E54AE6611E4A598D00736617 /* fileenc.c */,
				E54AE6621E4A598D00736617 /* fileenc.h */,
				E54AE6631E4A598D00736617 /* hmac.c */,
				E54AE6641E4A598D00736617 /* hmac.h */,
				E54AE6651E4A598D00736617 /* prng.c */,
				E54AE6661E4A598D00736617 /* prng.h */,
				E54AE6671E4A598D00736617 /* pwd2key.c */,
				E54AE6681E4A598D00736617 /* pwd2key.h */,
				E54AE6691E4A598D00736617 /* sha1.c */,
				E54AE66A1E4A598D00736617 /* sha1.h */,
			);
			path = aes;
			sourceTree = "<group>";
		};
		E54AE66B1E4A598D00736617 /* minizip */ = {
			isa = PBXGroup;
			children = (
				E54AE66C1E4A598D00736617 /* crypt.h */,
				E54AE66D1E4A598D00736617 /* ioapi.c */,
				E54AE66E1E4A598D00736617 /* ioapi.h */,
				E54AE66F1E4A598D00736617 /* mztools.c */,
				E54AE6701E4A598D00736617 /* mztools.h */,
				E54AE6711E4A598D00736617 /* unzip.c */,
				E54AE6721E4A598D00736617 /* unzip.h */,
				E54AE6731E4A598D00736617 /* zip.c */,
				E54AE6741E4A598D00736617 /* zip.h */,
			);
			path = minizip;
			sourceTree = "<group>";
		};
/* End PBXGroup section */

/* Begin PBXNativeTarget section */
		D058BD731B8DA4AB004D9F18 /* RNZipArchive */ = {
			isa = PBXNativeTarget;
			buildConfigurationList = D058BD881B8DA4AB004D9F18 /* Build configuration list for PBXNativeTarget "RNZipArchive" */;
			buildPhases = (
				D058BD701B8DA4AB004D9F18 /* Sources */,
				D058BD711B8DA4AB004D9F18 /* Frameworks */,
				D058BD721B8DA4AB004D9F18 /* CopyFiles */,
			);
			buildRules = (
			);
			dependencies = (
			);
			name = RNZipArchive;
			productName = RNZipArchive;
			productReference = D058BD741B8DA4AB004D9F18 /* libRNZipArchive.a */;
			productType = "com.apple.product-type.library.static";
		};
/* End PBXNativeTarget section */

/* Begin PBXProject section */
		D058BD6C1B8DA4AB004D9F18 /* Project object */ = {
			isa = PBXProject;
			attributes = {
				LastUpgradeCheck = 0640;
				ORGANIZATIONNAME = "Perry Poon";
				TargetAttributes = {
					D058BD731B8DA4AB004D9F18 = {
						CreatedOnToolsVersion = 6.4;
					};
				};
			};
			buildConfigurationList = D058BD6F1B8DA4AB004D9F18 /* Build configuration list for PBXProject "RNZipArchive" */;
			compatibilityVersion = "Xcode 3.2";
			developmentRegion = English;
			hasScannedForEncodings = 0;
			knownRegions = (
				en,
			);
			mainGroup = D058BD6B1B8DA4AB004D9F18;
			productRefGroup = D058BD751B8DA4AB004D9F18 /* Products */;
			projectDirPath = "";
			projectRoot = "";
			targets = (
				D058BD731B8DA4AB004D9F18 /* RNZipArchive */,
			);
		};
/* End PBXProject section */

/* Begin PBXSourcesBuildPhase section */
		D058BD701B8DA4AB004D9F18 /* Sources */ = {
			isa = PBXSourcesBuildPhase;
			buildActionMask = 2147483647;
			files = (
				E54AE67F1E4A598D00736617 /* pwd2key.c in Sources */,
				E54AE6791E4A598D00736617 /* aeskey.c in Sources */,
				E54AE6851E4A598D00736617 /* SSZipArchive.m in Sources */,
				E54AE67B1E4A598D00736617 /* entropy.c in Sources */,
				E54AE67C1E4A598D00736617 /* fileenc.c in Sources */,
				E54AE6781E4A598D00736617 /* aescrypt.c in Sources */,
				E54AE67E1E4A598D00736617 /* prng.c in Sources */,
				E54AE6821E4A598D00736617 /* mztools.c in Sources */,
				E54AE6801E4A598D00736617 /* sha1.c in Sources */,
				E54AE6831E4A598D00736617 /* unzip.c in Sources */,
				E54AE67D1E4A598D00736617 /* hmac.c in Sources */,
				E54AE67A1E4A598D00736617 /* aestab.c in Sources */,
				E54AE6531E4A597900736617 /* RNZipArchive.m in Sources */,
				E54AE6841E4A598D00736617 /* zip.c in Sources */,
				E54AE6811E4A598D00736617 /* ioapi.c in Sources */,
			);
			runOnlyForDeploymentPostprocessing = 0;
		};
/* End PBXSourcesBuildPhase section */

/* Begin XCBuildConfiguration section */
		D058BD861B8DA4AB004D9F18 /* Debug */ = {
			isa = XCBuildConfiguration;
			buildSettings = {
				ALWAYS_SEARCH_USER_PATHS = NO;
				CLANG_CXX_LANGUAGE_STANDARD = "gnu++0x";
				CLANG_CXX_LIBRARY = "libc++";
				CLANG_ENABLE_MODULES = YES;
				CLANG_ENABLE_OBJC_ARC = YES;
				CLANG_WARN_BOOL_CONVERSION = YES;
				CLANG_WARN_CONSTANT_CONVERSION = YES;
				CLANG_WARN_DIRECT_OBJC_ISA_USAGE = YES_ERROR;
				CLANG_WARN_EMPTY_BODY = YES;
				CLANG_WARN_ENUM_CONVERSION = YES;
				CLANG_WARN_INT_CONVERSION = YES;
				CLANG_WARN_OBJC_ROOT_CLASS = YES_ERROR;
				CLANG_WARN_UNREACHABLE_CODE = YES;
				CLANG_WARN__DUPLICATE_METHOD_MATCH = YES;
				COPY_PHASE_STRIP = NO;
				DEBUG_INFORMATION_FORMAT = "dwarf-with-dsym";
				ENABLE_STRICT_OBJC_MSGSEND = YES;
				GCC_C_LANGUAGE_STANDARD = gnu99;
				GCC_DYNAMIC_NO_PIC = NO;
				GCC_NO_COMMON_BLOCKS = YES;
				GCC_OPTIMIZATION_LEVEL = 0;
				GCC_PREPROCESSOR_DEFINITIONS = (
					"DEBUG=1",
					"$(inherited)",
				);
				GCC_SYMBOLS_PRIVATE_EXTERN = NO;
				GCC_WARN_64_TO_32_BIT_CONVERSION = YES;
				GCC_WARN_ABOUT_RETURN_TYPE = YES_ERROR;
				GCC_WARN_UNDECLARED_SELECTOR = YES;
				GCC_WARN_UNINITIALIZED_AUTOS = YES_AGGRESSIVE;
				GCC_WARN_UNUSED_FUNCTION = YES;
				GCC_WARN_UNUSED_VARIABLE = YES;
				HEADER_SEARCH_PATHS = (
					"$(inherited)",
					/Applications/Xcode.app/Contents/Developer/Toolchains/XcodeDefault.xctoolchain/usr/include,
					"$(SRCROOT)/../../React/**",
					"$(SRCROOT)/../react-native/React/**",
				);
				IPHONEOS_DEPLOYMENT_TARGET = 8.4;
				MTL_ENABLE_DEBUG_INFO = YES;
				ONLY_ACTIVE_ARCH = YES;
				SDKROOT = iphoneos;
			};
			name = Debug;
		};
		D058BD871B8DA4AB004D9F18 /* Release */ = {
			isa = XCBuildConfiguration;
			buildSettings = {
				ALWAYS_SEARCH_USER_PATHS = NO;
				CLANG_CXX_LANGUAGE_STANDARD = "gnu++0x";
				CLANG_CXX_LIBRARY = "libc++";
				CLANG_ENABLE_MODULES = YES;
				CLANG_ENABLE_OBJC_ARC = YES;
				CLANG_WARN_BOOL_CONVERSION = YES;
				CLANG_WARN_CONSTANT_CONVERSION = YES;
				CLANG_WARN_DIRECT_OBJC_ISA_USAGE = YES_ERROR;
				CLANG_WARN_EMPTY_BODY = YES;
				CLANG_WARN_ENUM_CONVERSION = YES;
				CLANG_WARN_INT_CONVERSION = YES;
				CLANG_WARN_OBJC_ROOT_CLASS = YES_ERROR;
				CLANG_WARN_UNREACHABLE_CODE = YES;
				CLANG_WARN__DUPLICATE_METHOD_MATCH = YES;
				COPY_PHASE_STRIP = NO;
				DEBUG_INFORMATION_FORMAT = "dwarf-with-dsym";
				ENABLE_NS_ASSERTIONS = NO;
				ENABLE_STRICT_OBJC_MSGSEND = YES;
				GCC_C_LANGUAGE_STANDARD = gnu99;
				GCC_NO_COMMON_BLOCKS = YES;
				GCC_WARN_64_TO_32_BIT_CONVERSION = YES;
				GCC_WARN_ABOUT_RETURN_TYPE = YES_ERROR;
				GCC_WARN_UNDECLARED_SELECTOR = YES;
				GCC_WARN_UNINITIALIZED_AUTOS = YES_AGGRESSIVE;
				GCC_WARN_UNUSED_FUNCTION = YES;
				GCC_WARN_UNUSED_VARIABLE = YES;
				HEADER_SEARCH_PATHS = (
					"$(inherited)",
					/Applications/Xcode.app/Contents/Developer/Toolchains/XcodeDefault.xctoolchain/usr/include,
					"$(SRCROOT)/../../React/**",
					"$(SRCROOT)/../react-native/React/**",
				);
				IPHONEOS_DEPLOYMENT_TARGET = 8.4;
				MTL_ENABLE_DEBUG_INFO = NO;
				SDKROOT = iphoneos;
				VALIDATE_PRODUCT = YES;
			};
			name = Release;
		};
		D058BD891B8DA4AB004D9F18 /* Debug */ = {
			isa = XCBuildConfiguration;
			buildSettings = {
				HEADER_SEARCH_PATHS = (
					"$(inherited)",
					/Applications/Xcode.app/Contents/Developer/Toolchains/XcodeDefault.xctoolchain/usr/include,
					"$(SRCROOT)/../react-native/React",
				);
				OTHER_LDFLAGS = "-ObjC";
				PRODUCT_NAME = "$(TARGET_NAME)";
				SKIP_INSTALL = YES;
			};
			name = Debug;
		};
		D058BD8A1B8DA4AB004D9F18 /* Release */ = {
			isa = XCBuildConfiguration;
			buildSettings = {
				HEADER_SEARCH_PATHS = (
					"$(inherited)",
					/Applications/Xcode.app/Contents/Developer/Toolchains/XcodeDefault.xctoolchain/usr/include,
					"$(SRCROOT)/../react-native/React",
				);
				OTHER_LDFLAGS = "-ObjC";
				PRODUCT_NAME = "$(TARGET_NAME)";
				SKIP_INSTALL = YES;
			};
			name = Release;
		};
/* End XCBuildConfiguration section */

/* Begin XCConfigurationList section */
		D058BD6F1B8DA4AB004D9F18 /* Build configuration list for PBXProject "RNZipArchive" */ = {
			isa = XCConfigurationList;
			buildConfigurations = (
				D058BD861B8DA4AB004D9F18 /* Debug */,
				D058BD871B8DA4AB004D9F18 /* Release */,
			);
			defaultConfigurationIsVisible = 0;
			defaultConfigurationName = Release;
		};
		D058BD881B8DA4AB004D9F18 /* Build configuration list for PBXNativeTarget "RNZipArchive" */ = {
			isa = XCConfigurationList;
			buildConfigurations = (
				D058BD891B8DA4AB004D9F18 /* Debug */,
				D058BD8A1B8DA4AB004D9F18 /* Release */,
			);
			defaultConfigurationIsVisible = 0;
			defaultConfigurationName = Release;
		};
/* End XCConfigurationList section */
	};
	rootObject = D058BD6C1B8DA4AB004D9F18 /* Project object */;
}
